// !$*UTF8*$!
{
	archiveVersion = 1;
	classes = {
	};
	objectVersion = 46;
	objects = {

/* Begin PBXBuildFile section */
		8E3028B11C1815DA00198C2F /* dog0.jpg in Resources */ = {isa = PBXBuildFile; fileRef = 8E3028B01C1815DA00198C2F /* dog0.jpg */; };
		8E3028DC1C190B9100198C2F /* dog1.jpg in Resources */ = {isa = PBXBuildFile; fileRef = 8E3028D91C190B9100198C2F /* dog1.jpg */; };
		8E3028DD1C190B9100198C2F /* dog2.jpg in Resources */ = {isa = PBXBuildFile; fileRef = 8E3028DA1C190B9100198C2F /* dog2.jpg */; };
		8E3028DE1C190B9100198C2F /* dog3.jpg in Resources */ = {isa = PBXBuildFile; fileRef = 8E3028DB1C190B9100198C2F /* dog3.jpg */; };
		8E6F583D1C06ECA200421A06 /* main.m in Sources */ = {isa = PBXBuildFile; fileRef = 8E6F583C1C06ECA200421A06 /* main.m */; };
		8E6F58401C06ECA200421A06 /* AppDelegate.m in Sources */ = {isa = PBXBuildFile; fileRef = 8E6F583F1C06ECA200421A06 /* AppDelegate.m */; };
		8E6F58431C06ECA200421A06 /* ViewController.m in Sources */ = {isa = PBXBuildFile; fileRef = 8E6F58421C06ECA200421A06 /* ViewController.m */; };
		8E6F58461C06ECA200421A06 /* Main.storyboard in Resources */ = {isa = PBXBuildFile; fileRef = 8E6F58441C06ECA200421A06 /* Main.storyboard */; };
		8E6F58481C06ECA200421A06 /* Assets.xcassets in Resources */ = {isa = PBXBuildFile; fileRef = 8E6F58471C06ECA200421A06 /* Assets.xcassets */; };
		8E6F584B1C06ECA200421A06 /* LaunchScreen.storyboard in Resources */ = {isa = PBXBuildFile; fileRef = 8E6F58491C06ECA200421A06 /* LaunchScreen.storyboard */; };
		8E86F0D01C0826D90095633A /* back@2x.png in Resources */ = {isa = PBXBuildFile; fileRef = 8E86F0CF1C0826D90095633A /* back@2x.png */; };
		8E86F0D21C0841770095633A /* scrollView.xib in Resources */ = {isa = PBXBuildFile; fileRef = 8E86F0D11C0841770095633A /* scrollView.xib */; };
		8E8E6E3C1C19238300C19B33 /* MyScrollView.m in Sources */ = {isa = PBXBuildFile; fileRef = 8E8E6E3B1C19238300C19B33 /* MyScrollView.m */; };
/* End PBXBuildFile section */

/* Begin PBXFileReference section */
		8E3028B01C1815DA00198C2F /* dog0.jpg */ = {isa = PBXFileReference; lastKnownFileType = image.jpeg; path = dog0.jpg; sourceTree = "<group>"; };
		8E3028D91C190B9100198C2F /* dog1.jpg */ = {isa = PBXFileReference; lastKnownFileType = image.jpeg; path = dog1.jpg; sourceTree = "<group>"; };
		8E3028DA1C190B9100198C2F /* dog2.jpg */ = {isa = PBXFileReference; lastKnownFileType = image.jpeg; path = dog2.jpg; sourceTree = "<group>"; };
		8E3028DB1C190B9100198C2F /* dog3.jpg */ = {isa = PBXFileReference; lastKnownFileType = image.jpeg; path = dog3.jpg; sourceTree = "<group>"; };
		8E6F58381C06ECA200421A06 /* TEST_Tao_Navigation.app */ = {isa = PBXFileReference; explicitFileType = wrapper.application; includeInIndex = 0; path = TEST_Tao_Navigation.app; sourceTree = BUILT_PRODUCTS_DIR; };
		8E6F583C1C06ECA200421A06 /* main.m */ = {isa = PBXFileReference; lastKnownFileType = sourcecode.c.objc; path = main.m; sourceTree = "<group>"; };
		8E6F583E1C06ECA200421A06 /* AppDelegate.h */ = {isa = PBXFileReference; lastKnownFileType = sourcecode.c.h; path = AppDelegate.h; sourceTree = "<group>"; };
		8E6F583F1C06ECA200421A06 /* AppDelegate.m */ = {isa = PBXFileReference; lastKnownFileType = sourcecode.c.objc; path = AppDelegate.m; sourceTree = "<group>"; };
		8E6F58411C06ECA200421A06 /* ViewController.h */ = {isa = PBXFileReference; lastKnownFileType = sourcecode.c.h; path = ViewController.h; sourceTree = "<group>"; };
		8E6F58421C06ECA200421A06 /* ViewController.m */ = {isa = PBXFileReference; lastKnownFileType = sourcecode.c.objc; path = ViewController.m; sourceTree = "<group>"; };
		8E6F58451C06ECA200421A06 /* Base */ = {isa = PBXFileReference; lastKnownFileType = file.storyboard; name = Base; path = Base.lproj/Main.storyboard; sourceTree = "<group>"; };
		8E6F58471C06ECA200421A06 /* Assets.xcassets */ = {isa = PBXFileReference; lastKnownFileType = folder.assetcatalog; path = Assets.xcassets; sourceTree = "<group>"; };
		8E6F584A1C06ECA200421A06 /* Base */ = {isa = PBXFileReference; lastKnownFileType = file.storyboard; name = Base; path = Base.lproj/LaunchScreen.storyboard; sourceTree = "<group>"; };
		8E6F584C1C06ECA200421A06 /* Info.plist */ = {isa = PBXFileReference; lastKnownFileType = text.plist.xml; path = Info.plist; sourceTree = "<group>"; };
		8E86F0CF1C0826D90095633A /* back@2x.png */ = {isa = PBXFileReference; lastKnownFileType = image.png; path = "back@2x.png"; sourceTree = "<group>"; };
		8E86F0D11C0841770095633A /* scrollView.xib */ = {isa = PBXFileReference; fileEncoding = 4; lastKnownFileType = file.xib; path = scrollView.xib; sourceTree = "<group>"; };
		8E8E6E3A1C19238300C19B33 /* MyScrollView.h */ = {isa = PBXFileReference; fileEncoding = 4; lastKnownFileType = sourcecode.c.h; path = MyScrollView.h; sourceTree = "<group>"; };
		8E8E6E3B1C19238300C19B33 /* MyScrollView.m */ = {isa = PBXFileReference; fileEncoding = 4; lastKnownFileType = sourcecode.c.objc; path = MyScrollView.m; sourceTree = "<group>"; };
/* End PBXFileReference section */

/* Begin PBXFrameworksBuildPhase section */
		8E6F58351C06ECA200421A06 /* Frameworks */ = {
			isa = PBXFrameworksBuildPhase;
			buildActionMask = 2147483647;
			files = (
			);
			runOnlyForDeploymentPostprocessing = 0;
		};
/* End PBXFrameworksBuildPhase section */

/* Begin PBXGroup section */
		8E6F582F1C06ECA200421A06 = {
			isa = PBXGroup;
			children = (
				8E6F583A1C06ECA200421A06 /* TEST_Tao_Navigation */,
				8E6F58391C06ECA200421A06 /* Products */,
			);
			sourceTree = "<group>";
		};
		8E6F58391C06ECA200421A06 /* Products */ = {
			isa = PBXGroup;
			children = (
				8E6F58381C06ECA200421A06 /* TEST_Tao_Navigation.app */,
			);
			name = Products;
			sourceTree = "<group>";
		};
		8E6F583A1C06ECA200421A06 /* TEST_Tao_Navigation */ = {
			isa = PBXGroup;
			children = (
				8E3028D91C190B9100198C2F /* dog1.jpg */,
				8E3028DA1C190B9100198C2F /* dog2.jpg */,
				8E3028DB1C190B9100198C2F /* dog3.jpg */,
				8E3028B01C1815DA00198C2F /* dog0.jpg */,
				8E86F0CF1C0826D90095633A /* back@2x.png */,
				8E6F583E1C06ECA200421A06 /* AppDelegate.h */,
				8E6F583F1C06ECA200421A06 /* AppDelegate.m */,
				8E6F58411C06ECA200421A06 /* ViewController.h */,
				8E6F58421C06ECA200421A06 /* ViewController.m */,
				8E8E6E3A1C19238300C19B33 /* MyScrollView.h */,
				8E8E6E3B1C19238300C19B33 /* MyScrollView.m */,
				8E6F58441C06ECA200421A06 /* Main.storyboard */,
				8E6F58471C06ECA200421A06 /* Assets.xcassets */,
				8E6F58491C06ECA200421A06 /* LaunchScreen.storyboard */,
				8E6F584C1C06ECA200421A06 /* Info.plist */,
				8E6F583B1C06ECA200421A06 /* Supporting Files */,
				8E86F0D11C0841770095633A /* scrollView.xib */,
			);
			path = TEST_Tao_Navigation;
			sourceTree = "<group>";
		};
		8E6F583B1C06ECA200421A06 /* Supporting Files */ = {
			isa = PBXGroup;
			children = (
				8E6F583C1C06ECA200421A06 /* main.m */,
			);
			name = "Supporting Files";
			sourceTree = "<group>";
		};
/* End PBXGroup section */

/* Begin PBXNativeTarget section */
		8E6F58371C06ECA200421A06 /* TEST_Tao_Navigation */ = {
			isa = PBXNativeTarget;
			buildConfigurationList = 8E6F584F1C06ECA200421A06 /* Build configuration list for PBXNativeTarget "TEST_Tao_Navigation" */;
			buildPhases = (
				8E6F58341C06ECA200421A06 /* Sources */,
				8E6F58351C06ECA200421A06 /* Frameworks */,
				8E6F58361C06ECA200421A06 /* Resources */,
			);
			buildRules = (
			);
			dependencies = (
			);
			name = TEST_Tao_Navigation;
			productName = TEST_Tao_Navigation;
			productReference = 8E6F58381C06ECA200421A06 /* TEST_Tao_Navigation.app */;
			productType = "com.apple.product-type.application";
		};
/* End PBXNativeTarget section */

/* Begin PBXProject section */
		8E6F58301C06ECA200421A06 /* Project object */ = {
			isa = PBXProject;
			attributes = {
				LastUpgradeCheck = 0710;
				ORGANIZATIONNAME = SuperNova;
				TargetAttributes = {
					8E6F58371C06ECA200421A06 = {
						CreatedOnToolsVersion = 7.1.1;
						SystemCapabilities = {
							com.apple.BackgroundModes = {
								enabled = 1;
							};
						};
					};
				};
			};
			buildConfigurationList = 8E6F58331C06ECA200421A06 /* Build configuration list for PBXProject "TEST_Tao_Navigation" */;
			compatibilityVersion = "Xcode 3.2";
			developmentRegion = English;
			hasScannedForEncodings = 0;
			knownRegions = (
				en,
				Base,
			);
			mainGroup = 8E6F582F1C06ECA200421A06;
			productRefGroup = 8E6F58391C06ECA200421A06 /* Products */;
			projectDirPath = "";
			projectRoot = "";
			targets = (
				8E6F58371C06ECA200421A06 /* TEST_Tao_Navigation */,
			);
		};
/* End PBXProject section */

/* Begin PBXResourcesBuildPhase section */
		8E6F58361C06ECA200421A06 /* Resources */ = {
			isa = PBXResourcesBuildPhase;
			buildActionMask = 2147483647;
			files = (
				8E3028B11C1815DA00198C2F /* dog0.jpg in Resources */,
				8E3028DC1C190B9100198C2F /* dog1.jpg in Resources */,
				8E86F0D21C0841770095633A /* scrollView.xib in Resources */,
				8E3028DD1C190B9100198C2F /* dog2.jpg in Resources */,
				8E6F584B1C06ECA200421A06 /* LaunchScreen.storyboard in Resources */,
				8E3028DE1C190B9100198C2F /* dog3.jpg in Resources */,
				8E6F58481C06ECA200421A06 /* Assets.xcassets in Resources */,
				8E86F0D01C0826D90095633A /* back@2x.png in Resources */,
				8E6F58461C06ECA200421A06 /* Main.storyboard in Resources */,
			);
			runOnlyForDeploymentPostprocessing = 0;
		};
/* End PBXResourcesBuildPhase section */

/* Begin PBXSourcesBuildPhase section */
		8E6F58341C06ECA200421A06 /* Sources */ = {
			isa = PBXSourcesBuildPhase;
			buildActionMask = 2147483647;
			files = (
				8E6F58431C06ECA200421A06 /* ViewController.m in Sources */,
				8E8E6E3C1C19238300C19B33 /* MyScrollView.m in Sources */,
				8E6F58401C06ECA200421A06 /* AppDelegate.m in Sources */,
				8E6F583D1C06ECA200421A06 /* main.m in Sources */,
			);
			runOnlyForDeploymentPostprocessing = 0;
		};
/* End PBXSourcesBuildPhase section */

/* Begin PBXVariantGroup section */
		8E6F58441C06ECA200421A06 /* Main.storyboard */ = {
			isa = PBXVariantGroup;
			children = (
				8E6F58451C06ECA200421A06 /* Base */,
			);
			name = Main.storyboard;
			sourceTree = "<group>";
		};
		8E6F58491C06ECA200421A06 /* LaunchScreen.storyboard */ = {
			isa = PBXVariantGroup;
			children = (
				8E6F584A1C06ECA200421A06 /* Base */,
			);
			name = LaunchScreen.storyboard;
			sourceTree = "<group>";
		};
/* End PBXVariantGroup section */

/* Begin XCBuildConfiguration section */
		8E6F584D1C06ECA200421A06 /* Debug */ = {
			isa = XCBuildConfiguration;
			buildSettings = {
				ALWAYS_SEARCH_USER_PATHS = NO;
				CLANG_CXX_LANGUAGE_STANDARD = "gnu++0x";
				CLANG_CXX_LIBRARY = "libc++";
				CLANG_ENABLE_MODULES = YES;
				CLANG_ENABLE_OBJC_ARC = YES;
				CLANG_WARN_BOOL_CONVERSION = YES;
				CLANG_WARN_CONSTANT_CONVERSION = YES;
				CLANG_WARN_DIRECT_OBJC_ISA_USAGE = YES_ERROR;
				CLANG_WARN_EMPTY_BODY = YES;
				CLANG_WARN_ENUM_CONVERSION = YES;
				CLANG_WARN_INT_CONVERSION = YES;
				CLANG_WARN_OBJC_ROOT_CLASS = YES_ERROR;
				CLANG_WARN_UNREACHABLE_CODE = YES;
				CLANG_WARN__DUPLICATE_METHOD_MATCH = YES;
				"CODE_SIGN_IDENTITY[sdk=iphoneos*]" = "iPhone Developer";
				COPY_PHASE_STRIP = NO;
				DEBUG_INFORMATION_FORMAT = dwarf;
				ENABLE_STRICT_OBJC_MSGSEND = YES;
				ENABLE_TESTABILITY = YES;
				GCC_C_LANGUAGE_STANDARD = gnu99;
				GCC_DYNAMIC_NO_PIC = NO;
				GCC_NO_COMMON_BLOCKS = YES;
				GCC_OPTIMIZATION_LEVEL = 0;
				GCC_PREPROCESSOR_DEFINITIONS = (
					"DEBUG=1",
					"$(inherited)",
				);
				GCC_WARN_64_TO_32_BIT_CONVERSION = YES;
				GCC_WARN_ABOUT_RETURN_TYPE = YES_ERROR;
				GCC_WARN_UNDECLARED_SELECTOR = YES;
				GCC_WARN_UNINITIALIZED_AUTOS = YES_AGGRESSIVE;
				GCC_WARN_UNUSED_FUNCTION = YES;
				GCC_WARN_UNUSED_VARIABLE = YES;
				IPHONEOS_DEPLOYMENT_TARGET = 9.1;
				MTL_ENABLE_DEBUG_INFO = YES;
				ONLY_ACTIVE_ARCH = YES;
				SDKROOT = iphoneos;
			};
			name = Debug;
		};
		8E6F584E1C06ECA200421A06 /* Release */ = {
			isa = XCBuildConfiguration;
			buildSettings = {
				ALWAYS_SEARCH_USER_PATHS = NO;
				CLANG_CXX_LANGUAGE_STANDARD = "gnu++0x";
				CLANG_CXX_LIBRARY = "libc++";
				CLANG_ENABLE_MODULES = YES;
				CLANG_ENABLE_OBJC_ARC = YES;
				CLANG_WARN_BOOL_CONVERSION = YES;
				CLANG_WARN_CONSTANT_CONVERSION = YES;
				CLANG_WARN_DIRECT_OBJC_ISA_USAGE = YES_ERROR;
				CLANG_WARN_EMPTY_BODY = YES;
				CLANG_WARN_ENUM_CONVERSION = YES;
				CLANG_WARN_INT_CONVERSION = YES;
				CLANG_WARN_OBJC_ROOT_CLASS = YES_ERROR;
				CLANG_WARN_UNREACHABLE_CODE = YES;
				CLANG_WARN__DUPLICATE_METHOD_MATCH = YES;
				"CODE_SIGN_IDENTITY[sdk=iphoneos*]" = "iPhone Developer";
				COPY_PHASE_STRIP = NO;
				DEBUG_INFORMATION_FORMAT = "dwarf-with-dsym";
				ENABLE_NS_ASSERTIONS = NO;
				ENABLE_STRICT_OBJC_MSGSEND = YES;
				GCC_C_LANGUAGE_STANDARD = gnu99;
				GCC_NO_COMMON_BLOCKS = YES;
				GCC_WARN_64_TO_32_BIT_CONVERSION = YES;
				GCC_WARN_ABOUT_RETURN_TYPE = YES_ERROR;
				GCC_WARN_UNDECLARED_SELECTOR = YES;
				GCC_WARN_UNINITIALIZED_AUTOS = YES_AGGRESSIVE;
				GCC_WARN_UNUSED_FUNCTION = YES;
				GCC_WARN_UNUSED_VARIABLE = YES;
				IPHONEOS_DEPLOYMENT_TARGET = 9.1;
				MTL_ENABLE_DEBUG_INFO = NO;
				SDKROOT = iphoneos;
				VALIDATE_PRODUCT = YES;
			};
			name = Release;
		};
		8E6F58501C06ECA200421A06 /* Debug */ = {
			isa = XCBuildConfiguration;
			buildSettings = {
				ASSETCATALOG_COMPILER_APPICON_NAME = AppIcon;
				INFOPLIST_FILE = TEST_Tao_Navigation/Info.plist;
				IPHONEOS_DEPLOYMENT_TARGET = 7.0;
				LD_RUNPATH_SEARCH_PATHS = "$(inherited) @executable_path/Frameworks";
				PRODUCT_BUNDLE_IDENTIFIER = "cn.zgmhjkw.sh.TEST-Tao-Navigation";
				PRODUCT_NAME = "$(TARGET_NAME)";
			};
			name = Debug;
		};
		8E6F58511C06ECA200421A06 /* Release */ = {
			isa = XCBuildConfiguration;
			buildSettings = {
				ASSETCATALOG_COMPILER_APPICON_NAME = AppIcon;
				INFOPLIST_FILE = TEST_Tao_Navigation/Info.plist;
				IPHONEOS_DEPLOYMENT_TARGET = 7.0;
				LD_RUNPATH_SEARCH_PATHS = "$(inherited) @executable_path/Frameworks";
				PRODUCT_BUNDLE_IDENTIFIER = "cn.zgmhjkw.sh.TEST-Tao-Navigation";
				PRODUCT_NAME = "$(TARGET_NAME)";
			};
			name = Release;
		};
/* End XCBuildConfiguration section */

/* Begin XCConfigurationList section */
		8E6F58331C06ECA200421A06 /* Build configuration list for PBXProject "TEST_Tao_Navigation" */ = {
			isa = XCConfigurationList;
			buildConfigurations = (
				8E6F584D1C06ECA200421A06 /* Debug */,
				8E6F584E1C06ECA200421A06 /* Release */,
			);
			defaultConfigurationIsVisible = 0;
			defaultConfigurationName = Release;
		};
		8E6F584F1C06ECA200421A06 /* Build configuration list for PBXNativeTarget "TEST_Tao_Navigation" */ = {
			isa = XCConfigurationList;
			buildConfigurations = (
				8E6F58501C06ECA200421A06 /* Debug */,
				8E6F58511C06ECA200421A06 /* Release */,
			);
			defaultConfigurationIsVisible = 0;
			defaultConfigurationName = Release;
		};
/* End XCConfigurationList section */
	};
	rootObject = 8E6F58301C06ECA200421A06 /* Project object */;
}
